
Microsoft Visual Studio Solution File, Format Version 12.00
# Visual Studio Version 17
VisualStudioVersion = 17.2.32630.192
MinimumVisualStudioVersion = 10.0.40219.1
Project("{FAE04EC0-301F-11D3-BF4B-00C04F79EFBC}") = "C03", "C03\C03.csproj", "{F4A8B218-99CE-4999-B4AA-C1AB0C2C07CE}"
EndProject
Global
	GlobalSection(SolutionConfigurationPlatforms) = preSolution
		Debug|Any CPU = Debug|Any CPU
		Release|Any CPU = Release|Any CPU
	EndGlobalSection
	GlobalSection(ProjectConfigurationPlatforms) = postSolution
		{F4A8B218-99CE-4999-B4AA-C1AB0C2C07CE}.Debug|Any CPU.ActiveCfg = Debug|Any CPU
		{F4A8B218-99CE-4999-B4AA-C1AB0C2C07CE}.Debug|Any CPU.Build.0 = Debug|Any CPU
		{F4A8B218-99CE-4999-B4AA-C1AB0C2C07CE}.Release|Any CPU.ActiveCfg = Release|Any CPU
		{F4A8B218-99CE-4999-B4AA-C1AB0C2C07CE}.Release|Any CPU.Build.0 = Release|Any CPU
	EndGlobalSection
	GlobalSection(SolutionProperties) = preSolution
		HideSolutionNode = FALSE
	EndGlobalSection
	GlobalSection(ExtensibilityGlobals) = postSolution
		SolutionGuid = {151554EF-A540-4D35-8668-1A8AAC276A33}
	EndGlobalSection
EndGlobal
